
Microsoft Visual Studio Solution File, Format Version 12.00
# Visual Studio Version 17
VisualStudioVersion = 17.13.35828.75 d17.13
MinimumVisualStudioVersion = 10.0.40219.1
Project("{2150E333-8FDC-42A3-9474-1A3956D46DE8}") = "src", "src", "{02EA681E-C7D8-13C7-8484-4AC65E1B71E8}"
EndProject
Project("{2150E333-8FDC-42A3-9474-1A3956D46DE8}") = "Solution Items", "Solution Items", "{18AB405E-7583-413C-AA53-9E3878B1C921}"
	ProjectSection(SolutionItems) = preProject
		ServiceUrls.txt = ServiceUrls.txt
	EndProjectSection
EndProject
Project("{2150E333-8FDC-42A3-9474-1A3956D46DE8}") = "Clients", "Clients", "{2DBFC6D2-EB2B-4C0F-8E9F-5BDBBB61B25B}"
EndProject
Project("{2150E333-8FDC-42A3-9474-1A3956D46DE8}") = "Services", "Services", "{377F7B27-A45A-4068-84E1-6B58A1DFCBBE}"
EndProject
Project("{2150E333-8FDC-42A3-9474-1A3956D46DE8}") = "ApiGateways", "ApiGateways", "{6706D151-356D-4192-A7BD-683D5D9919C2}"
EndProject
Project("{2150E333-8FDC-42A3-9474-1A3956D46DE8}") = "BuldingBlocks", "BuldingBlocks", "{AE8C37E0-7CD6-4C79-B449-804EC94FDCAA}"
EndProject
Project("{2150E333-8FDC-42A3-9474-1A3956D46DE8}") = "WebApiGateway", "WebApiGateway", "{5795C4CF-0074-453E-9E0B-F0111BF15BCD}"
EndProject
Project("{FAE04EC0-301F-11D3-BF4B-00C04F79EFBC}") = "WebApiGateway", "src\ApiGateways\WebApiGateway\WebApiGateway\WebApiGateway.csproj", "{19E5711B-2C49-4100-AEF0-055744690625}"
EndProject
Project("{2150E333-8FDC-42A3-9474-1A3956D46DE8}") = "EventBus", "EventBus", "{4B59106C-D381-43DA-B269-317BE247891D}"
EndProject
Project("{FAE04EC0-301F-11D3-BF4B-00C04F79EFBC}") = "EventBus.Base", "src\BuldingBlocks\EventBus\EventBus.Base\EventBus.Base.csproj", "{BE806956-08C7-4D10-AFE2-FFDA67833CF6}"
EndProject
Project("{FAE04EC0-301F-11D3-BF4B-00C04F79EFBC}") = "EventBus.Factory", "src\BuldingBlocks\EventBus\EventBus.Factory\EventBus.Factory.csproj", "{54A9BF2F-09AC-4584-8727-A1A0B36B68E8}"
EndProject
Project("{FAE04EC0-301F-11D3-BF4B-00C04F79EFBC}") = "EventBus.AzureServiceBus", "src\BuldingBlocks\EventBus\EventBus.AzureServiceBus\EventBus.AzureServiceBus.csproj", "{B92113D1-BF2B-4357-A6FB-CDF9EDE38447}"
EndProject
Project("{FAE04EC0-301F-11D3-BF4B-00C04F79EFBC}") = "EventBus.RabbitMQ", "src\BuldingBlocks\EventBus\EventBus.RabbitMQ\EventBus.RabbitMQ.csproj", "{E0644D04-5852-41F5-A81D-D5438D3D5614}"
EndProject
Project("{2150E333-8FDC-42A3-9474-1A3956D46DE8}") = "BlazorWebApp", "BlazorWebApp", "{EE76BAC8-5FD5-4879-B4C7-24E1F72E8D24}"
EndProject
Project("{FAE04EC0-301F-11D3-BF4B-00C04F79EFBC}") = "WebApp", "src\Clients\BlazorWebApp\WebApp\WebApp.csproj", "{14C81933-036F-40F8-BE87-4CDD91C405FD}"
EndProject
Project("{2150E333-8FDC-42A3-9474-1A3956D46DE8}") = "BasketService", "BasketService", "{5E53ED59-7D3C-41B5-83A8-D18DF2213E33}"
EndProject
Project("{FAE04EC0-301F-11D3-BF4B-00C04F79EFBC}") = "BasketService.Api", "src\Services\BasketService\BasketService.Api\BasketService.Api.csproj", "{8FD49470-7BA9-42D0-83A7-89D1BF6641B1}"
EndProject
Project("{2150E333-8FDC-42A3-9474-1A3956D46DE8}") = "CatalogService", "CatalogService", "{0320A20A-4F5E-45AA-AD84-FFB5DFCDDC2D}"
EndProject
Project("{FAE04EC0-301F-11D3-BF4B-00C04F79EFBC}") = "CatalogService.Api", "src\Services\CatalogService\CatalogService.Api\CatalogService.Api.csproj", "{DFE3BD10-63B3-4AB4-891A-C9FFE2856652}"
EndProject
Project("{2150E333-8FDC-42A3-9474-1A3956D46DE8}") = "IdentityService", "IdentityService", "{65E1DF3E-FA4D-4A8D-B1A5-445277188EF8}"
EndProject
Project("{FAE04EC0-301F-11D3-BF4B-00C04F79EFBC}") = "IdentityService.Api", "src\Services\IdentityService\IdentityService.Api\IdentityService.Api.csproj", "{1FBDF535-9EE4-43D7-80CF-E41FBE28C061}"
EndProject
Project("{2150E333-8FDC-42A3-9474-1A3956D46DE8}") = "NotificationService", "NotificationService", "{B2DF41BB-ED72-4F35-99A2-DF9B350D383B}"
EndProject
Project("{FAE04EC0-301F-11D3-BF4B-00C04F79EFBC}") = "NotificationService", "src\Services\NotificationService\NotificationService\NotificationService.csproj", "{CD0AD054-62A9-44BB-B943-A262396E97DE}"
EndProject
Project("{2150E333-8FDC-42A3-9474-1A3956D46DE8}") = "OrderService", "OrderService", "{54E5BCE4-9BC2-44AF-8815-1D859961FF83}"
EndProject
Project("{FAE04EC0-301F-11D3-BF4B-00C04F79EFBC}") = "OrderService.Domain", "src\Services\OrderService\OrderService.Domain\OrderService.Domain.csproj", "{AF853954-814E-4EFF-82C2-D7205DC2D1C2}"
EndProject
Project("{FAE04EC0-301F-11D3-BF4B-00C04F79EFBC}") = "OrderService.Application", "src\Services\OrderService\OrderService.Application\OrderService.Application.csproj", "{976ECB04-6FCC-453E-9EE9-E900CB35D082}"
EndProject
Project("{FAE04EC0-301F-11D3-BF4B-00C04F79EFBC}") = "OrderService.Infrastructure", "src\Services\OrderService\OrderService.Infrastructure\OrderService.Infrastructure.csproj", "{BCDCCDB3-B915-4B14-AA8D-2F509BA4B3F3}"
EndProject
Project("{FAE04EC0-301F-11D3-BF4B-00C04F79EFBC}") = "OrderService.Api", "src\Services\OrderService\OrderService.Api\OrderService.Api.csproj", "{9E898F85-5BEE-4B5A-8D25-1C84959E2791}"
EndProject
Project("{2150E333-8FDC-42A3-9474-1A3956D46DE8}") = "PaymentService", "PaymentService", "{910026DD-1A1A-4A18-AB81-763E5E27DBCA}"
EndProject
Project("{FAE04EC0-301F-11D3-BF4B-00C04F79EFBC}") = "PaymentService.Api", "src\Services\PaymentService\PaymentService.Api\PaymentService.Api.csproj", "{739D4771-F9A3-4ED6-93A0-5FDDB825A364}"
EndProject
Global
	GlobalSection(SolutionConfigurationPlatforms) = preSolution
		Debug|Any CPU = Debug|Any CPU
		Release|Any CPU = Release|Any CPU
	EndGlobalSection
	GlobalSection(ProjectConfigurationPlatforms) = postSolution
		{19E5711B-2C49-4100-AEF0-055744690625}.Debug|Any CPU.ActiveCfg = Debug|Any CPU
		{19E5711B-2C49-4100-AEF0-055744690625}.Debug|Any CPU.Build.0 = Debug|Any CPU
		{19E5711B-2C49-4100-AEF0-055744690625}.Release|Any CPU.ActiveCfg = Release|Any CPU
		{19E5711B-2C49-4100-AEF0-055744690625}.Release|Any CPU.Build.0 = Release|Any CPU
		{BE806956-08C7-4D10-AFE2-FFDA67833CF6}.Debug|Any CPU.ActiveCfg = Debug|Any CPU
		{BE806956-08C7-4D10-AFE2-FFDA67833CF6}.Debug|Any CPU.Build.0 = Debug|Any CPU
		{BE806956-08C7-4D10-AFE2-FFDA67833CF6}.Release|Any CPU.ActiveCfg = Release|Any CPU
		{BE806956-08C7-4D10-AFE2-FFDA67833CF6}.Release|Any CPU.Build.0 = Release|Any CPU
		{54A9BF2F-09AC-4584-8727-A1A0B36B68E8}.Debug|Any CPU.ActiveCfg = Debug|Any CPU
		{54A9BF2F-09AC-4584-8727-A1A0B36B68E8}.Debug|Any CPU.Build.0 = Debug|Any CPU
		{54A9BF2F-09AC-4584-8727-A1A0B36B68E8}.Release|Any CPU.ActiveCfg = Release|Any CPU
		{54A9BF2F-09AC-4584-8727-A1A0B36B68E8}.Release|Any CPU.Build.0 = Release|Any CPU
		{B92113D1-BF2B-4357-A6FB-CDF9EDE38447}.Debug|Any CPU.ActiveCfg = Debug|Any CPU
		{B92113D1-BF2B-4357-A6FB-CDF9EDE38447}.Debug|Any CPU.Build.0 = Debug|Any CPU
		{B92113D1-BF2B-4357-A6FB-CDF9EDE38447}.Release|Any CPU.ActiveCfg = Release|Any CPU
		{B92113D1-BF2B-4357-A6FB-CDF9EDE38447}.Release|Any CPU.Build.0 = Release|Any CPU
		{E0644D04-5852-41F5-A81D-D5438D3D5614}.Debug|Any CPU.ActiveCfg = Debug|Any CPU
		{E0644D04-5852-41F5-A81D-D5438D3D5614}.Debug|Any CPU.Build.0 = Debug|Any CPU
		{E0644D04-5852-41F5-A81D-D5438D3D5614}.Release|Any CPU.ActiveCfg = Release|Any CPU
		{E0644D04-5852-41F5-A81D-D5438D3D5614}.Release|Any CPU.Build.0 = Release|Any CPU
		{14C81933-036F-40F8-BE87-4CDD91C405FD}.Debug|Any CPU.ActiveCfg = Debug|Any CPU
		{14C81933-036F-40F8-BE87-4CDD91C405FD}.Debug|Any CPU.Build.0 = Debug|Any CPU
		{14C81933-036F-40F8-BE87-4CDD91C405FD}.Release|Any CPU.ActiveCfg = Release|Any CPU
		{14C81933-036F-40F8-BE87-4CDD91C405FD}.Release|Any CPU.Build.0 = Release|Any CPU
		{8FD49470-7BA9-42D0-83A7-89D1BF6641B1}.Debug|Any CPU.ActiveCfg = Debug|Any CPU
		{8FD49470-7BA9-42D0-83A7-89D1BF6641B1}.Debug|Any CPU.Build.0 = Debug|Any CPU
		{8FD49470-7BA9-42D0-83A7-89D1BF6641B1}.Release|Any CPU.ActiveCfg = Release|Any CPU
		{8FD49470-7BA9-42D0-83A7-89D1BF6641B1}.Release|Any CPU.Build.0 = Release|Any CPU
		{DFE3BD10-63B3-4AB4-891A-C9FFE2856652}.Debug|Any CPU.ActiveCfg = Debug|Any CPU
		{DFE3BD10-63B3-4AB4-891A-C9FFE2856652}.Debug|Any CPU.Build.0 = Debug|Any CPU
		{DFE3BD10-63B3-4AB4-891A-C9FFE2856652}.Release|Any CPU.ActiveCfg = Release|Any CPU
		{DFE3BD10-63B3-4AB4-891A-C9FFE2856652}.Release|Any CPU.Build.0 = Release|Any CPU
		{1FBDF535-9EE4-43D7-80CF-E41FBE28C061}.Debug|Any CPU.ActiveCfg = Debug|Any CPU
		{1FBDF535-9EE4-43D7-80CF-E41FBE28C061}.Debug|Any CPU.Build.0 = Debug|Any CPU
		{1FBDF535-9EE4-43D7-80CF-E41FBE28C061}.Release|Any CPU.ActiveCfg = Release|Any CPU
		{1FBDF535-9EE4-43D7-80CF-E41FBE28C061}.Release|Any CPU.Build.0 = Release|Any CPU
		{CD0AD054-62A9-44BB-B943-A262396E97DE}.Debug|Any CPU.ActiveCfg = Debug|Any CPU
		{CD0AD054-62A9-44BB-B943-A262396E97DE}.Debug|Any CPU.Build.0 = Debug|Any CPU
		{CD0AD054-62A9-44BB-B943-A262396E97DE}.Release|Any CPU.ActiveCfg = Release|Any CPU
		{CD0AD054-62A9-44BB-B943-A262396E97DE}.Release|Any CPU.Build.0 = Release|Any CPU
		{AF853954-814E-4EFF-82C2-D7205DC2D1C2}.Debug|Any CPU.ActiveCfg = Debug|Any CPU
		{AF853954-814E-4EFF-82C2-D7205DC2D1C2}.Debug|Any CPU.Build.0 = Debug|Any CPU
		{AF853954-814E-4EFF-82C2-D7205DC2D1C2}.Release|Any CPU.ActiveCfg = Release|Any CPU
		{AF853954-814E-4EFF-82C2-D7205DC2D1C2}.Release|Any CPU.Build.0 = Release|Any CPU
		{976ECB04-6FCC-453E-9EE9-E900CB35D082}.Debug|Any CPU.ActiveCfg = Debug|Any CPU
		{976ECB04-6FCC-453E-9EE9-E900CB35D082}.Debug|Any CPU.Build.0 = Debug|Any CPU
		{976ECB04-6FCC-453E-9EE9-E900CB35D082}.Release|Any CPU.ActiveCfg = Release|Any CPU
		{976ECB04-6FCC-453E-9EE9-E900CB35D082}.Release|Any CPU.Build.0 = Release|Any CPU
		{BCDCCDB3-B915-4B14-AA8D-2F509BA4B3F3}.Debug|Any CPU.ActiveCfg = Debug|Any CPU
		{BCDCCDB3-B915-4B14-AA8D-2F509BA4B3F3}.Debug|Any CPU.Build.0 = Debug|Any CPU
		{BCDCCDB3-B915-4B14-AA8D-2F509BA4B3F3}.Release|Any CPU.ActiveCfg = Release|Any CPU
		{BCDCCDB3-B915-4B14-AA8D-2F509BA4B3F3}.Release|Any CPU.Build.0 = Release|Any CPU
		{9E898F85-5BEE-4B5A-8D25-1C84959E2791}.Debug|Any CPU.ActiveCfg = Debug|Any CPU
		{9E898F85-5BEE-4B5A-8D25-1C84959E2791}.Debug|Any CPU.Build.0 = Debug|Any CPU
		{9E898F85-5BEE-4B5A-8D25-1C84959E2791}.Release|Any CPU.ActiveCfg = Release|Any CPU
		{9E898F85-5BEE-4B5A-8D25-1C84959E2791}.Release|Any CPU.Build.0 = Release|Any CPU
		{739D4771-F9A3-4ED6-93A0-5FDDB825A364}.Debug|Any CPU.ActiveCfg = Debug|Any CPU
		{739D4771-F9A3-4ED6-93A0-5FDDB825A364}.Debug|Any CPU.Build.0 = Debug|Any CPU
		{739D4771-F9A3-4ED6-93A0-5FDDB825A364}.Release|Any CPU.ActiveCfg = Release|Any CPU
		{739D4771-F9A3-4ED6-93A0-5FDDB825A364}.Release|Any CPU.Build.0 = Release|Any CPU
	EndGlobalSection
	GlobalSection(SolutionProperties) = preSolution
		HideSolutionNode = FALSE
	EndGlobalSection
	GlobalSection(NestedProjects) = preSolution
		{2DBFC6D2-EB2B-4C0F-8E9F-5BDBBB61B25B} = {02EA681E-C7D8-13C7-8484-4AC65E1B71E8}
		{377F7B27-A45A-4068-84E1-6B58A1DFCBBE} = {02EA681E-C7D8-13C7-8484-4AC65E1B71E8}
		{6706D151-356D-4192-A7BD-683D5D9919C2} = {02EA681E-C7D8-13C7-8484-4AC65E1B71E8}
		{AE8C37E0-7CD6-4C79-B449-804EC94FDCAA} = {02EA681E-C7D8-13C7-8484-4AC65E1B71E8}
		{5795C4CF-0074-453E-9E0B-F0111BF15BCD} = {6706D151-356D-4192-A7BD-683D5D9919C2}
		{19E5711B-2C49-4100-AEF0-055744690625} = {5795C4CF-0074-453E-9E0B-F0111BF15BCD}
		{4B59106C-D381-43DA-B269-317BE247891D} = {AE8C37E0-7CD6-4C79-B449-804EC94FDCAA}
		{BE806956-08C7-4D10-AFE2-FFDA67833CF6} = {4B59106C-D381-43DA-B269-317BE247891D}
		{54A9BF2F-09AC-4584-8727-A1A0B36B68E8} = {4B59106C-D381-43DA-B269-317BE247891D}
		{B92113D1-BF2B-4357-A6FB-CDF9EDE38447} = {4B59106C-D381-43DA-B269-317BE247891D}
		{E0644D04-5852-41F5-A81D-D5438D3D5614} = {4B59106C-D381-43DA-B269-317BE247891D}
		{EE76BAC8-5FD5-4879-B4C7-24E1F72E8D24} = {2DBFC6D2-EB2B-4C0F-8E9F-5BDBBB61B25B}
		{14C81933-036F-40F8-BE87-4CDD91C405FD} = {EE76BAC8-5FD5-4879-B4C7-24E1F72E8D24}
		{5E53ED59-7D3C-41B5-83A8-D18DF2213E33} = {377F7B27-A45A-4068-84E1-6B58A1DFCBBE}
		{8FD49470-7BA9-42D0-83A7-89D1BF6641B1} = {5E53ED59-7D3C-41B5-83A8-D18DF2213E33}
		{0320A20A-4F5E-45AA-AD84-FFB5DFCDDC2D} = {377F7B27-A45A-4068-84E1-6B58A1DFCBBE}
		{DFE3BD10-63B3-4AB4-891A-C9FFE2856652} = {0320A20A-4F5E-45AA-AD84-FFB5DFCDDC2D}
		{65E1DF3E-FA4D-4A8D-B1A5-445277188EF8} = {377F7B27-A45A-4068-84E1-6B58A1DFCBBE}
		{1FBDF535-9EE4-43D7-80CF-E41FBE28C061} = {65E1DF3E-FA4D-4A8D-B1A5-445277188EF8}
		{B2DF41BB-ED72-4F35-99A2-DF9B350D383B} = {377F7B27-A45A-4068-84E1-6B58A1DFCBBE}
		{CD0AD054-62A9-44BB-B943-A262396E97DE} = {B2DF41BB-ED72-4F35-99A2-DF9B350D383B}
		{54E5BCE4-9BC2-44AF-8815-1D859961FF83} = {377F7B27-A45A-4068-84E1-6B58A1DFCBBE}
		{AF853954-814E-4EFF-82C2-D7205DC2D1C2} = {54E5BCE4-9BC2-44AF-8815-1D859961FF83}
		{976ECB04-6FCC-453E-9EE9-E900CB35D082} = {54E5BCE4-9BC2-44AF-8815-1D859961FF83}
		{BCDCCDB3-B915-4B14-AA8D-2F509BA4B3F3} = {54E5BCE4-9BC2-44AF-8815-1D859961FF83}
		{9E898F85-5BEE-4B5A-8D25-1C84959E2791} = {54E5BCE4-9BC2-44AF-8815-1D859961FF83}
		{910026DD-1A1A-4A18-AB81-763E5E27DBCA} = {377F7B27-A45A-4068-84E1-6B58A1DFCBBE}
		{739D4771-F9A3-4ED6-93A0-5FDDB825A364} = {910026DD-1A1A-4A18-AB81-763E5E27DBCA}
	EndGlobalSection
	GlobalSection(ExtensibilityGlobals) = postSolution
		SolutionGuid = {6D601B42-2B0B-4DE1-959C-04EF68C7C231}
	EndGlobalSection
EndGlobal
