
Microsoft Visual Studio Solution File, Format Version 12.00
# Visual Studio Version 17
VisualStudioVersion = 17.11.35312.102
MinimumVisualStudioVersion = 10.0.40219.1
Project("{2150E333-8FDC-42A3-9474-1A3956D46DE8}") = "src", "src", "{0503B129-8DAA-4D19-A2F5-37389D83BF49}"
EndProject
Project("{2150E333-8FDC-42A3-9474-1A3956D46DE8}") = "Solution Items", "Solution Items", "{6C9B974A-0AB1-4D0C-9BCF-C321907F2228}"
	ProjectSection(SolutionItems) = preProject
		ServiceUrls.txt = ServiceUrls.txt
	EndProjectSection
EndProject
Project("{2150E333-8FDC-42A3-9474-1A3956D46DE8}") = "ApiGateways", "ApiGateways", "{4A25655E-BF2F-4C7C-B576-951A8DB2A8C3}"
EndProject
Project("{2150E333-8FDC-42A3-9474-1A3956D46DE8}") = "BuldingBlocks", "BuldingBlocks", "{E71CF0E3-1F71-4DB0-BF0A-AEF0BC1ACB1C}"
EndProject
Project("{2150E333-8FDC-42A3-9474-1A3956D46DE8}") = "Services", "Services", "{26298663-6E61-45F1-B88A-D49A1E45628D}"
EndProject
Project("{2150E333-8FDC-42A3-9474-1A3956D46DE8}") = "Clients", "Clients", "{96174D75-9925-49A9-8328-285F4A235AE5}"
EndProject
Project("{2150E333-8FDC-42A3-9474-1A3956D46DE8}") = "WebApiGateway", "WebApiGateway", "{44A02836-6E57-43E3-BF79-E7B00E45541F}"
EndProject
Project("{FAE04EC0-301F-11D3-BF4B-00C04F79EFBC}") = "Web.ApiGateway", "src\ApiGateways\WebApiGateway\Web.ApiGateway\Web.ApiGateway.csproj", "{BF8D2788-5B77-4FBB-8859-C8C29AD1D658}"
EndProject
Project("{2150E333-8FDC-42A3-9474-1A3956D46DE8}") = "EventBus", "EventBus", "{96189ADB-8716-4703-A8EE-09B9A3CF52DB}"
EndProject
Project("{FAE04EC0-301F-11D3-BF4B-00C04F79EFBC}") = "EventBus.Base", "src\BuildingBlocks\EventBus\EventBus.Base\EventBus.Base.csproj", "{FBEDC290-A950-4984-9AE7-E7AFE20D0AE0}"
EndProject
Project("{FAE04EC0-301F-11D3-BF4B-00C04F79EFBC}") = "EventBus.Factory", "src\BuildingBlocks\EventBus\EventBus.Factory\EventBus.Factory.csproj", "{FB04832F-1AE1-40F5-8873-F83F8A305916}"
EndProject
Project("{FAE04EC0-301F-11D3-BF4B-00C04F79EFBC}") = "EventBus.AzureServiceBus", "src\BuildingBlocks\EventBus\EventBus.AzureServiceBus\EventBus.AzureServiceBus.csproj", "{28738120-2E50-4F24-A529-4771B222C1E5}"
EndProject
Project("{FAE04EC0-301F-11D3-BF4B-00C04F79EFBC}") = "EventBus.RabbitMQ", "src\BuildingBlocks\EventBus\EventBus.RabbitMQ\EventBus.RabbitMQ.csproj", "{AD876D5F-4BAD-4502-91EF-6645FAC64CB9}"
EndProject
Project("{2150E333-8FDC-42A3-9474-1A3956D46DE8}") = "BlazorWebApp", "BlazorWebApp", "{AC3D731C-1262-414F-9C5E-7A4587758F2E}"
EndProject
Project("{FAE04EC0-301F-11D3-BF4B-00C04F79EFBC}") = "WebApp", "src\Clients\BlazorWebApp\WebApp\WebApp.csproj", "{6152E287-8117-4F5B-97AA-B1FF10F5E310}"
EndProject
Project("{2150E333-8FDC-42A3-9474-1A3956D46DE8}") = "BasketService", "BasketService", "{F2B319CE-6B9C-4343-9498-6ADF03DEE561}"
EndProject
Project("{FAE04EC0-301F-11D3-BF4B-00C04F79EFBC}") = "BasketService.Api", "src\Services\BasketService\BasketService.Api\BasketService.Api.csproj", "{4D150A4A-DCC7-4FBB-BD1E-40591F0F7012}"
EndProject
Project("{2150E333-8FDC-42A3-9474-1A3956D46DE8}") = "CatalogService", "CatalogService", "{C8292D92-3C81-4D53-83DC-0556635BF6EC}"
EndProject
Project("{FAE04EC0-301F-11D3-BF4B-00C04F79EFBC}") = "CatalogService.Api", "src\Services\CatalogService\CatalogService.Api\CatalogService.Api.csproj", "{703FEC1E-DB92-4AB7-A5C4-F3F294EC8526}"
EndProject
Project("{2150E333-8FDC-42A3-9474-1A3956D46DE8}") = "IdentityService", "IdentityService", "{275C8211-CDEE-4A66-A65B-C9DD8D558F4A}"
EndProject
Project("{FAE04EC0-301F-11D3-BF4B-00C04F79EFBC}") = "IdentityService.Api", "src\Services\IdentityService\IdentityService.Api\IdentityService.Api.csproj", "{71F67BBA-84B3-488B-A4C9-A5260D786547}"
EndProject
Project("{2150E333-8FDC-42A3-9474-1A3956D46DE8}") = "NotificationService", "NotificationService", "{18019EB7-EAA0-46BE-8693-486048241945}"
EndProject
Project("{FAE04EC0-301F-11D3-BF4B-00C04F79EFBC}") = "NotificationService", "src\Services\NotificationService\NotificationService\NotificationService.csproj", "{D7DD829E-733E-4A18-835F-B377689D78E6}"
EndProject
Project("{2150E333-8FDC-42A3-9474-1A3956D46DE8}") = "OrderService", "OrderService", "{02CC17D6-567A-4F63-9158-4C97E5DD97ED}"
EndProject
Project("{FAE04EC0-301F-11D3-BF4B-00C04F79EFBC}") = "OrderService.Domain", "src\Services\OrderService\OrderService.Domain\OrderService.Domain.csproj", "{303271D3-E18B-4982-898D-A73F83B3B601}"
EndProject
Project("{FAE04EC0-301F-11D3-BF4B-00C04F79EFBC}") = "OrderService.Application", "src\Services\OrderService\OrderService.Application\OrderService.Application.csproj", "{32802BE0-1179-4021-B587-DB2DC7F457DE}"
EndProject
Project("{FAE04EC0-301F-11D3-BF4B-00C04F79EFBC}") = "OrderService.Infrastructure", "src\Services\OrderService\OrderService.Infrastructure\OrderService.Infrastructure.csproj", "{666E22DA-10AA-4EA7-BC80-9CBB26942460}"
EndProject
Project("{FAE04EC0-301F-11D3-BF4B-00C04F79EFBC}") = "OrderService.Api", "src\Services\OrderService\OrderService.Api\OrderService.Api.csproj", "{C2693AE0-3C10-4EB4-A28F-CDA33AD6CE36}"
EndProject
Project("{2150E333-8FDC-42A3-9474-1A3956D46DE8}") = "PaymentService", "PaymentService", "{9D67226F-1F62-46C0-A4E4-573FEEA63F91}"
EndProject
Project("{FAE04EC0-301F-11D3-BF4B-00C04F79EFBC}") = "PaymentService.Api", "src\Services\PaymentService\PaymentService.Api\PaymentService.Api.csproj", "{FEA8AE6B-5D8A-4A2B-81EB-EA6DAC75409D}"
EndProject
Global
	GlobalSection(SolutionConfigurationPlatforms) = preSolution
		Debug|Any CPU = Debug|Any CPU
		Release|Any CPU = Release|Any CPU
	EndGlobalSection
	GlobalSection(ProjectConfigurationPlatforms) = postSolution
		{BF8D2788-5B77-4FBB-8859-C8C29AD1D658}.Debug|Any CPU.ActiveCfg = Debug|Any CPU
		{BF8D2788-5B77-4FBB-8859-C8C29AD1D658}.Debug|Any CPU.Build.0 = Debug|Any CPU
		{BF8D2788-5B77-4FBB-8859-C8C29AD1D658}.Release|Any CPU.ActiveCfg = Release|Any CPU
		{BF8D2788-5B77-4FBB-8859-C8C29AD1D658}.Release|Any CPU.Build.0 = Release|Any CPU
		{FBEDC290-A950-4984-9AE7-E7AFE20D0AE0}.Debug|Any CPU.ActiveCfg = Debug|Any CPU
		{FBEDC290-A950-4984-9AE7-E7AFE20D0AE0}.Debug|Any CPU.Build.0 = Debug|Any CPU
		{FBEDC290-A950-4984-9AE7-E7AFE20D0AE0}.Release|Any CPU.ActiveCfg = Release|Any CPU
		{FBEDC290-A950-4984-9AE7-E7AFE20D0AE0}.Release|Any CPU.Build.0 = Release|Any CPU
		{FB04832F-1AE1-40F5-8873-F83F8A305916}.Debug|Any CPU.ActiveCfg = Debug|Any CPU
		{FB04832F-1AE1-40F5-8873-F83F8A305916}.Debug|Any CPU.Build.0 = Debug|Any CPU
		{FB04832F-1AE1-40F5-8873-F83F8A305916}.Release|Any CPU.ActiveCfg = Release|Any CPU
		{FB04832F-1AE1-40F5-8873-F83F8A305916}.Release|Any CPU.Build.0 = Release|Any CPU
		{28738120-2E50-4F24-A529-4771B222C1E5}.Debug|Any CPU.ActiveCfg = Debug|Any CPU
		{28738120-2E50-4F24-A529-4771B222C1E5}.Debug|Any CPU.Build.0 = Debug|Any CPU
		{28738120-2E50-4F24-A529-4771B222C1E5}.Release|Any CPU.ActiveCfg = Release|Any CPU
		{28738120-2E50-4F24-A529-4771B222C1E5}.Release|Any CPU.Build.0 = Release|Any CPU
		{AD876D5F-4BAD-4502-91EF-6645FAC64CB9}.Debug|Any CPU.ActiveCfg = Debug|Any CPU
		{AD876D5F-4BAD-4502-91EF-6645FAC64CB9}.Debug|Any CPU.Build.0 = Debug|Any CPU
		{AD876D5F-4BAD-4502-91EF-6645FAC64CB9}.Release|Any CPU.ActiveCfg = Release|Any CPU
		{AD876D5F-4BAD-4502-91EF-6645FAC64CB9}.Release|Any CPU.Build.0 = Release|Any CPU
		{6152E287-8117-4F5B-97AA-B1FF10F5E310}.Debug|Any CPU.ActiveCfg = Debug|Any CPU
		{6152E287-8117-4F5B-97AA-B1FF10F5E310}.Debug|Any CPU.Build.0 = Debug|Any CPU
		{6152E287-8117-4F5B-97AA-B1FF10F5E310}.Release|Any CPU.ActiveCfg = Release|Any CPU
		{6152E287-8117-4F5B-97AA-B1FF10F5E310}.Release|Any CPU.Build.0 = Release|Any CPU
		{4D150A4A-DCC7-4FBB-BD1E-40591F0F7012}.Debug|Any CPU.ActiveCfg = Debug|Any CPU
		{4D150A4A-DCC7-4FBB-BD1E-40591F0F7012}.Debug|Any CPU.Build.0 = Debug|Any CPU
		{4D150A4A-DCC7-4FBB-BD1E-40591F0F7012}.Release|Any CPU.ActiveCfg = Release|Any CPU
		{4D150A4A-DCC7-4FBB-BD1E-40591F0F7012}.Release|Any CPU.Build.0 = Release|Any CPU
		{703FEC1E-DB92-4AB7-A5C4-F3F294EC8526}.Debug|Any CPU.ActiveCfg = Debug|Any CPU
		{703FEC1E-DB92-4AB7-A5C4-F3F294EC8526}.Debug|Any CPU.Build.0 = Debug|Any CPU
		{703FEC1E-DB92-4AB7-A5C4-F3F294EC8526}.Release|Any CPU.ActiveCfg = Release|Any CPU
		{703FEC1E-DB92-4AB7-A5C4-F3F294EC8526}.Release|Any CPU.Build.0 = Release|Any CPU
		{71F67BBA-84B3-488B-A4C9-A5260D786547}.Debug|Any CPU.ActiveCfg = Debug|Any CPU
		{71F67BBA-84B3-488B-A4C9-A5260D786547}.Debug|Any CPU.Build.0 = Debug|Any CPU
		{71F67BBA-84B3-488B-A4C9-A5260D786547}.Release|Any CPU.ActiveCfg = Release|Any CPU
		{71F67BBA-84B3-488B-A4C9-A5260D786547}.Release|Any CPU.Build.0 = Release|Any CPU
		{D7DD829E-733E-4A18-835F-B377689D78E6}.Debug|Any CPU.ActiveCfg = Debug|Any CPU
		{D7DD829E-733E-4A18-835F-B377689D78E6}.Debug|Any CPU.Build.0 = Debug|Any CPU
		{D7DD829E-733E-4A18-835F-B377689D78E6}.Release|Any CPU.ActiveCfg = Release|Any CPU
		{D7DD829E-733E-4A18-835F-B377689D78E6}.Release|Any CPU.Build.0 = Release|Any CPU
		{303271D3-E18B-4982-898D-A73F83B3B601}.Debug|Any CPU.ActiveCfg = Debug|Any CPU
		{303271D3-E18B-4982-898D-A73F83B3B601}.Debug|Any CPU.Build.0 = Debug|Any CPU
		{303271D3-E18B-4982-898D-A73F83B3B601}.Release|Any CPU.ActiveCfg = Release|Any CPU
		{303271D3-E18B-4982-898D-A73F83B3B601}.Release|Any CPU.Build.0 = Release|Any CPU
		{32802BE0-1179-4021-B587-DB2DC7F457DE}.Debug|Any CPU.ActiveCfg = Debug|Any CPU
		{32802BE0-1179-4021-B587-DB2DC7F457DE}.Debug|Any CPU.Build.0 = Debug|Any CPU
		{32802BE0-1179-4021-B587-DB2DC7F457DE}.Release|Any CPU.ActiveCfg = Release|Any CPU
		{32802BE0-1179-4021-B587-DB2DC7F457DE}.Release|Any CPU.Build.0 = Release|Any CPU
		{666E22DA-10AA-4EA7-BC80-9CBB26942460}.Debug|Any CPU.ActiveCfg = Debug|Any CPU
		{666E22DA-10AA-4EA7-BC80-9CBB26942460}.Debug|Any CPU.Build.0 = Debug|Any CPU
		{666E22DA-10AA-4EA7-BC80-9CBB26942460}.Release|Any CPU.ActiveCfg = Release|Any CPU
		{666E22DA-10AA-4EA7-BC80-9CBB26942460}.Release|Any CPU.Build.0 = Release|Any CPU
		{C2693AE0-3C10-4EB4-A28F-CDA33AD6CE36}.Debug|Any CPU.ActiveCfg = Debug|Any CPU
		{C2693AE0-3C10-4EB4-A28F-CDA33AD6CE36}.Debug|Any CPU.Build.0 = Debug|Any CPU
		{C2693AE0-3C10-4EB4-A28F-CDA33AD6CE36}.Release|Any CPU.ActiveCfg = Release|Any CPU
		{C2693AE0-3C10-4EB4-A28F-CDA33AD6CE36}.Release|Any CPU.Build.0 = Release|Any CPU
		{FEA8AE6B-5D8A-4A2B-81EB-EA6DAC75409D}.Debug|Any CPU.ActiveCfg = Debug|Any CPU
		{FEA8AE6B-5D8A-4A2B-81EB-EA6DAC75409D}.Debug|Any CPU.Build.0 = Debug|Any CPU
		{FEA8AE6B-5D8A-4A2B-81EB-EA6DAC75409D}.Release|Any CPU.ActiveCfg = Release|Any CPU
		{FEA8AE6B-5D8A-4A2B-81EB-EA6DAC75409D}.Release|Any CPU.Build.0 = Release|Any CPU
	EndGlobalSection
	GlobalSection(SolutionProperties) = preSolution
		HideSolutionNode = FALSE
	EndGlobalSection
	GlobalSection(NestedProjects) = preSolution
		{4A25655E-BF2F-4C7C-B576-951A8DB2A8C3} = {0503B129-8DAA-4D19-A2F5-37389D83BF49}
		{E71CF0E3-1F71-4DB0-BF0A-AEF0BC1ACB1C} = {0503B129-8DAA-4D19-A2F5-37389D83BF49}
		{26298663-6E61-45F1-B88A-D49A1E45628D} = {0503B129-8DAA-4D19-A2F5-37389D83BF49}
		{96174D75-9925-49A9-8328-285F4A235AE5} = {0503B129-8DAA-4D19-A2F5-37389D83BF49}
		{44A02836-6E57-43E3-BF79-E7B00E45541F} = {4A25655E-BF2F-4C7C-B576-951A8DB2A8C3}
		{BF8D2788-5B77-4FBB-8859-C8C29AD1D658} = {44A02836-6E57-43E3-BF79-E7B00E45541F}
		{96189ADB-8716-4703-A8EE-09B9A3CF52DB} = {E71CF0E3-1F71-4DB0-BF0A-AEF0BC1ACB1C}
		{FBEDC290-A950-4984-9AE7-E7AFE20D0AE0} = {96189ADB-8716-4703-A8EE-09B9A3CF52DB}
		{FB04832F-1AE1-40F5-8873-F83F8A305916} = {96189ADB-8716-4703-A8EE-09B9A3CF52DB}
		{28738120-2E50-4F24-A529-4771B222C1E5} = {96189ADB-8716-4703-A8EE-09B9A3CF52DB}
		{AD876D5F-4BAD-4502-91EF-6645FAC64CB9} = {96189ADB-8716-4703-A8EE-09B9A3CF52DB}
		{AC3D731C-1262-414F-9C5E-7A4587758F2E} = {96174D75-9925-49A9-8328-285F4A235AE5}
		{6152E287-8117-4F5B-97AA-B1FF10F5E310} = {AC3D731C-1262-414F-9C5E-7A4587758F2E}
		{F2B319CE-6B9C-4343-9498-6ADF03DEE561} = {26298663-6E61-45F1-B88A-D49A1E45628D}
		{4D150A4A-DCC7-4FBB-BD1E-40591F0F7012} = {F2B319CE-6B9C-4343-9498-6ADF03DEE561}
		{C8292D92-3C81-4D53-83DC-0556635BF6EC} = {26298663-6E61-45F1-B88A-D49A1E45628D}
		{703FEC1E-DB92-4AB7-A5C4-F3F294EC8526} = {C8292D92-3C81-4D53-83DC-0556635BF6EC}
		{275C8211-CDEE-4A66-A65B-C9DD8D558F4A} = {26298663-6E61-45F1-B88A-D49A1E45628D}
		{71F67BBA-84B3-488B-A4C9-A5260D786547} = {275C8211-CDEE-4A66-A65B-C9DD8D558F4A}
		{18019EB7-EAA0-46BE-8693-486048241945} = {26298663-6E61-45F1-B88A-D49A1E45628D}
		{D7DD829E-733E-4A18-835F-B377689D78E6} = {18019EB7-EAA0-46BE-8693-486048241945}
		{02CC17D6-567A-4F63-9158-4C97E5DD97ED} = {26298663-6E61-45F1-B88A-D49A1E45628D}
		{303271D3-E18B-4982-898D-A73F83B3B601} = {02CC17D6-567A-4F63-9158-4C97E5DD97ED}
		{32802BE0-1179-4021-B587-DB2DC7F457DE} = {02CC17D6-567A-4F63-9158-4C97E5DD97ED}
		{666E22DA-10AA-4EA7-BC80-9CBB26942460} = {02CC17D6-567A-4F63-9158-4C97E5DD97ED}
		{C2693AE0-3C10-4EB4-A28F-CDA33AD6CE36} = {02CC17D6-567A-4F63-9158-4C97E5DD97ED}
		{9D67226F-1F62-46C0-A4E4-573FEEA63F91} = {26298663-6E61-45F1-B88A-D49A1E45628D}
		{FEA8AE6B-5D8A-4A2B-81EB-EA6DAC75409D} = {9D67226F-1F62-46C0-A4E4-573FEEA63F91}
	EndGlobalSection
	GlobalSection(ExtensibilityGlobals) = postSolution
		SolutionGuid = {82C9B5AD-C8BD-4733-AC25-AEC3DE9AEA17}
	EndGlobalSection
EndGlobal
